
Microsoft Visual Studio Solution File, Format Version 12.00
# Visual Studio Version 16
VisualStudioVersion = 16.0.29728.190
MinimumVisualStudioVersion = 10.0.40219.1
Project("{FAE04EC0-301F-11D3-BF4B-00C04F79EFBC}") = "WallBreaker2", "WallBreaker2.0\WallBreaker2.csproj", "{B4A8E687-6B69-498E-B2AD-61A7C7C3E262}"
EndProject
Global
	GlobalSection(SolutionConfigurationPlatforms) = preSolution
		Debug|Any CPU = Debug|Any CPU
		Release|Any CPU = Release|Any CPU
	EndGlobalSection
	GlobalSection(ProjectConfigurationPlatforms) = postSolution
		{B4A8E687-6B69-498E-B2AD-61A7C7C3E262}.Debug|Any CPU.ActiveCfg = Debug|Any CPU
		{B4A8E687-6B69-498E-B2AD-61A7C7C3E262}.Debug|Any CPU.Build.0 = Debug|Any CPU
		{B4A8E687-6B69-498E-B2AD-61A7C7C3E262}.Release|Any CPU.ActiveCfg = Release|Any CPU
		{B4A8E687-6B69-498E-B2AD-61A7C7C3E262}.Release|Any CPU.Build.0 = Release|Any CPU
	EndGlobalSection
	GlobalSection(SolutionProperties) = preSolution
		HideSolutionNode = FALSE
	EndGlobalSection
	GlobalSection(ExtensibilityGlobals) = postSolution
		SolutionGuid = {A18A2D74-9955-450D-A0DD-B9E711CE171E}
	EndGlobalSection
EndGlobal
